// !$*UTF8*$!
{
	archiveVersion = 1;
	classes = {
	};
	objectVersion = 46;
	objects = {

/* Begin PBXBuildFile section */
		01002047193DDFEA0063C430 /* Foundation.framework in Frameworks */ = {isa = PBXBuildFile; fileRef = 01002046193DDFEA0063C430 /* Foundation.framework */; };
		01002049193DDFEA0063C430 /* CoreGraphics.framework in Frameworks */ = {isa = PBXBuildFile; fileRef = 01002048193DDFEA0063C430 /* CoreGraphics.framework */; };
		0100204B193DDFEA0063C430 /* UIKit.framework in Frameworks */ = {isa = PBXBuildFile; fileRef = 0100204A193DDFEA0063C430 /* UIKit.framework */; };
		01002051193DDFEA0063C430 /* InfoPlist.strings in Resources */ = {isa = PBXBuildFile; fileRef = 0100204F193DDFEA0063C430 /* InfoPlist.strings */; };
		01002053193DDFEA0063C430 /* main.m in Sources */ = {isa = PBXBuildFile; fileRef = 01002052193DDFEA0063C430 /* main.m */; };
		01002057193DDFEA0063C430 /* AppDelegate.m in Sources */ = {isa = PBXBuildFile; fileRef = 01002056193DDFEA0063C430 /* AppDelegate.m */; };
		01002059193DDFEA0063C430 /* Images.xcassets in Resources */ = {isa = PBXBuildFile; fileRef = 01002058193DDFEA0063C430 /* Images.xcassets */; };
		01002060193DDFEA0063C430 /* XCTest.framework in Frameworks */ = {isa = PBXBuildFile; fileRef = 0100205F193DDFEA0063C430 /* XCTest.framework */; };
		01002061193DDFEA0063C430 /* Foundation.framework in Frameworks */ = {isa = PBXBuildFile; fileRef = 01002046193DDFEA0063C430 /* Foundation.framework */; };
		01002062193DDFEA0063C430 /* UIKit.framework in Frameworks */ = {isa = PBXBuildFile; fileRef = 0100204A193DDFEA0063C430 /* UIKit.framework */; };
		0100206A193DDFEA0063C430 /* InfoPlist.strings in Resources */ = {isa = PBXBuildFile; fileRef = 01002068193DDFEA0063C430 /* InfoPlist.strings */; };
		0100206C193DDFEA0063C430 /* API_selectClassTests.m in Sources */ = {isa = PBXBuildFile; fileRef = 0100206B193DDFEA0063C430 /* API_selectClassTests.m */; };
		01002077193DE0340063C430 /* SelectClassViewController.m in Sources */ = {isa = PBXBuildFile; fileRef = 01002076193DE0340063C430 /* SelectClassViewController.m */; };
		0100207A193DE0C30063C430 /* SelectClassView.m in Sources */ = {isa = PBXBuildFile; fileRef = 01002079193DE0C30063C430 /* SelectClassView.m */; };
		AA2B9F1985844F44968C7021 /* libPods.a in Frameworks */ = {isa = PBXBuildFile; fileRef = 2DCC8B49E7C84555AE59A051 /* libPods.a */; };
/* End PBXBuildFile section */

/* Begin PBXContainerItemProxy section */
		01002063193DDFEA0063C430 /* PBXContainerItemProxy */ = {
			isa = PBXContainerItemProxy;
			containerPortal = 0100203B193DDFEA0063C430 /* Project object */;
			proxyType = 1;
			remoteGlobalIDString = 01002042193DDFEA0063C430;
			remoteInfo = "API-selectClass";
		};
/* End PBXContainerItemProxy section */

/* Begin PBXFileReference section */
		01002043193DDFEA0063C430 /* API-selectClass.app */ = {isa = PBXFileReference; explicitFileType = wrapper.application; includeInIndex = 0; path = "API-selectClass.app"; sourceTree = BUILT_PRODUCTS_DIR; };
		01002046193DDFEA0063C430 /* Foundation.framework */ = {isa = PBXFileReference; lastKnownFileType = wrapper.framework; name = Foundation.framework; path = System/Library/Frameworks/Foundation.framework; sourceTree = SDKROOT; };
		01002048193DDFEA0063C430 /* CoreGraphics.framework */ = {isa = PBXFileReference; lastKnownFileType = wrapper.framework; name = CoreGraphics.framework; path = System/Library/Frameworks/CoreGraphics.framework; sourceTree = SDKROOT; };
		0100204A193DDFEA0063C430 /* UIKit.framework */ = {isa = PBXFileReference; lastKnownFileType = wrapper.framework; name = UIKit.framework; path = System/Library/Frameworks/UIKit.framework; sourceTree = SDKROOT; };
		0100204E193DDFEA0063C430 /* API-selectClass-Info.plist */ = {isa = PBXFileReference; lastKnownFileType = text.plist.xml; path = "API-selectClass-Info.plist"; sourceTree = "<group>"; };
		01002050193DDFEA0063C430 /* en */ = {isa = PBXFileReference; lastKnownFileType = text.plist.strings; name = en; path = en.lproj/InfoPlist.strings; sourceTree = "<group>"; };
		01002052193DDFEA0063C430 /* main.m */ = {isa = PBXFileReference; lastKnownFileType = sourcecode.c.objc; path = main.m; sourceTree = "<group>"; };
		01002054193DDFEA0063C430 /* API-selectClass-Prefix.pch */ = {isa = PBXFileReference; lastKnownFileType = sourcecode.c.h; path = "API-selectClass-Prefix.pch"; sourceTree = "<group>"; };
		01002055193DDFEA0063C430 /* AppDelegate.h */ = {isa = PBXFileReference; lastKnownFileType = sourcecode.c.h; path = AppDelegate.h; sourceTree = "<group>"; };
		01002056193DDFEA0063C430 /* AppDelegate.m */ = {isa = PBXFileReference; lastKnownFileType = sourcecode.c.objc; path = AppDelegate.m; sourceTree = "<group>"; };
		01002058193DDFEA0063C430 /* Images.xcassets */ = {isa = PBXFileReference; lastKnownFileType = folder.assetcatalog; path = Images.xcassets; sourceTree = "<group>"; };
		0100205E193DDFEA0063C430 /* API-selectClassTests.xctest */ = {isa = PBXFileReference; explicitFileType = wrapper.cfbundle; includeInIndex = 0; path = "API-selectClassTests.xctest"; sourceTree = BUILT_PRODUCTS_DIR; };
		0100205F193DDFEA0063C430 /* XCTest.framework */ = {isa = PBXFileReference; lastKnownFileType = wrapper.framework; name = XCTest.framework; path = Library/Frameworks/XCTest.framework; sourceTree = DEVELOPER_DIR; };
		01002067193DDFEA0063C430 /* API-selectClassTests-Info.plist */ = {isa = PBXFileReference; lastKnownFileType = text.plist.xml; path = "API-selectClassTests-Info.plist"; sourceTree = "<group>"; };
		01002069193DDFEA0063C430 /* en */ = {isa = PBXFileReference; lastKnownFileType = text.plist.strings; name = en; path = en.lproj/InfoPlist.strings; sourceTree = "<group>"; };
		0100206B193DDFEA0063C430 /* API_selectClassTests.m */ = {isa = PBXFileReference; lastKnownFileType = sourcecode.c.objc; path = API_selectClassTests.m; sourceTree = "<group>"; };
		01002075193DE0340063C430 /* SelectClassViewController.h */ = {isa = PBXFileReference; fileEncoding = 4; lastKnownFileType = sourcecode.c.h; path = SelectClassViewController.h; sourceTree = "<group>"; };
		01002076193DE0340063C430 /* SelectClassViewController.m */ = {isa = PBXFileReference; fileEncoding = 4; lastKnownFileType = sourcecode.c.objc; path = SelectClassViewController.m; sourceTree = "<group>"; };
		01002078193DE0C30063C430 /* SelectClassView.h */ = {isa = PBXFileReference; fileEncoding = 4; lastKnownFileType = sourcecode.c.h; path = SelectClassView.h; sourceTree = "<group>"; };
		01002079193DE0C30063C430 /* SelectClassView.m */ = {isa = PBXFileReference; fileEncoding = 4; lastKnownFileType = sourcecode.c.objc; path = SelectClassView.m; sourceTree = "<group>"; };
		2DCC8B49E7C84555AE59A051 /* libPods.a */ = {isa = PBXFileReference; explicitFileType = archive.ar; includeInIndex = 0; path = libPods.a; sourceTree = BUILT_PRODUCTS_DIR; };
		6E14DC40FB0A4249B944DF11 /* Pods.xcconfig */ = {isa = PBXFileReference; includeInIndex = 1; lastKnownFileType = text.xcconfig; name = Pods.xcconfig; path = Pods/Pods.xcconfig; sourceTree = "<group>"; };
/* End PBXFileReference section */

/* Begin PBXFrameworksBuildPhase section */
		01002040193DDFEA0063C430 /* Frameworks */ = {
			isa = PBXFrameworksBuildPhase;
			buildActionMask = 2147483647;
			files = (
				01002049193DDFEA0063C430 /* CoreGraphics.framework in Frameworks */,
				0100204B193DDFEA0063C430 /* UIKit.framework in Frameworks */,
				01002047193DDFEA0063C430 /* Foundation.framework in Frameworks */,
				AA2B9F1985844F44968C7021 /* libPods.a in Frameworks */,
			);
			runOnlyForDeploymentPostprocessing = 0;
		};
		0100205B193DDFEA0063C430 /* Frameworks */ = {
			isa = PBXFrameworksBuildPhase;
			buildActionMask = 2147483647;
			files = (
				01002060193DDFEA0063C430 /* XCTest.framework in Frameworks */,
				01002062193DDFEA0063C430 /* UIKit.framework in Frameworks */,
				01002061193DDFEA0063C430 /* Foundation.framework in Frameworks */,
			);
			runOnlyForDeploymentPostprocessing = 0;
		};
/* End PBXFrameworksBuildPhase section */

/* Begin PBXGroup section */
		0100203A193DDFEA0063C430 = {
			isa = PBXGroup;
			children = (
				0100204C193DDFEA0063C430 /* API-selectClass */,
				01002065193DDFEA0063C430 /* API-selectClassTests */,
				01002045193DDFEA0063C430 /* Frameworks */,
				01002044193DDFEA0063C430 /* Products */,
				6E14DC40FB0A4249B944DF11 /* Pods.xcconfig */,
			);
			sourceTree = "<group>";
		};
		01002044193DDFEA0063C430 /* Products */ = {
			isa = PBXGroup;
			children = (
				01002043193DDFEA0063C430 /* API-selectClass.app */,
				0100205E193DDFEA0063C430 /* API-selectClassTests.xctest */,
			);
			name = Products;
			sourceTree = "<group>";
		};
		01002045193DDFEA0063C430 /* Frameworks */ = {
			isa = PBXGroup;
			children = (
				01002046193DDFEA0063C430 /* Foundation.framework */,
				01002048193DDFEA0063C430 /* CoreGraphics.framework */,
				0100204A193DDFEA0063C430 /* UIKit.framework */,
				0100205F193DDFEA0063C430 /* XCTest.framework */,
				2DCC8B49E7C84555AE59A051 /* libPods.a */,
			);
			name = Frameworks;
			sourceTree = "<group>";
		};
		0100204C193DDFEA0063C430 /* API-selectClass */ = {
			isa = PBXGroup;
			children = (
				01002055193DDFEA0063C430 /* AppDelegate.h */,
				01002056193DDFEA0063C430 /* AppDelegate.m */,
				01002075193DE0340063C430 /* SelectClassViewController.h */,
				01002076193DE0340063C430 /* SelectClassViewController.m */,
				01002078193DE0C30063C430 /* SelectClassView.h */,
				01002079193DE0C30063C430 /* SelectClassView.m */,
				01002058193DDFEA0063C430 /* Images.xcassets */,
				0100204D193DDFEA0063C430 /* Supporting Files */,
			);
			path = "API-selectClass";
			sourceTree = "<group>";
		};
		0100204D193DDFEA0063C430 /* Supporting Files */ = {
			isa = PBXGroup;
			children = (
				0100204E193DDFEA0063C430 /* API-selectClass-Info.plist */,
				0100204F193DDFEA0063C430 /* InfoPlist.strings */,
				01002052193DDFEA0063C430 /* main.m */,
				01002054193DDFEA0063C430 /* API-selectClass-Prefix.pch */,
			);
			name = "Supporting Files";
			sourceTree = "<group>";
		};
		01002065193DDFEA0063C430 /* API-selectClassTests */ = {
			isa = PBXGroup;
			children = (
				0100206B193DDFEA0063C430 /* API_selectClassTests.m */,
				01002066193DDFEA0063C430 /* Supporting Files */,
			);
			path = "API-selectClassTests";
			sourceTree = "<group>";
		};
		01002066193DDFEA0063C430 /* Supporting Files */ = {
			isa = PBXGroup;
			children = (
				01002067193DDFEA0063C430 /* API-selectClassTests-Info.plist */,
				01002068193DDFEA0063C430 /* InfoPlist.strings */,
			);
			name = "Supporting Files";
			sourceTree = "<group>";
		};
/* End PBXGroup section */

/* Begin PBXNativeTarget section */
		01002042193DDFEA0063C430 /* API-selectClass */ = {
			isa = PBXNativeTarget;
			buildConfigurationList = 0100206F193DDFEA0063C430 /* Build configuration list for PBXNativeTarget "API-selectClass" */;
			buildPhases = (
				BE65D091390D4347B283D44A /* Check Pods Manifest.lock */,
				0100203F193DDFEA0063C430 /* Sources */,
				01002040193DDFEA0063C430 /* Frameworks */,
				01002041193DDFEA0063C430 /* Resources */,
				4CB4323EE4DA4E6385B6E954 /* Copy Pods Resources */,
			);
			buildRules = (
			);
			dependencies = (
			);
			name = "API-selectClass";
			productName = "API-selectClass";
			productReference = 01002043193DDFEA0063C430 /* API-selectClass.app */;
			productType = "com.apple.product-type.application";
		};
		0100205D193DDFEA0063C430 /* API-selectClassTests */ = {
			isa = PBXNativeTarget;
			buildConfigurationList = 01002072193DDFEA0063C430 /* Build configuration list for PBXNativeTarget "API-selectClassTests" */;
			buildPhases = (
				0100205A193DDFEA0063C430 /* Sources */,
				0100205B193DDFEA0063C430 /* Frameworks */,
				0100205C193DDFEA0063C430 /* Resources */,
			);
			buildRules = (
			);
			dependencies = (
				01002064193DDFEA0063C430 /* PBXTargetDependency */,
			);
			name = "API-selectClassTests";
			productName = "API-selectClassTests";
			productReference = 0100205E193DDFEA0063C430 /* API-selectClassTests.xctest */;
			productType = "com.apple.product-type.bundle.unit-test";
		};
/* End PBXNativeTarget section */

/* Begin PBXProject section */
		0100203B193DDFEA0063C430 /* Project object */ = {
			isa = PBXProject;
			attributes = {
				LastUpgradeCheck = 0510;
				ORGANIZATIONNAME = devine;
				TargetAttributes = {
					0100205D193DDFEA0063C430 = {
						TestTargetID = 01002042193DDFEA0063C430;
					};
				};
			};
			buildConfigurationList = 0100203E193DDFEA0063C430 /* Build configuration list for PBXProject "API-selectClass" */;
			compatibilityVersion = "Xcode 3.2";
			developmentRegion = English;
			hasScannedForEncodings = 0;
			knownRegions = (
				en,
			);
			mainGroup = 0100203A193DDFEA0063C430;
			productRefGroup = 01002044193DDFEA0063C430 /* Products */;
			projectDirPath = "";
			projectRoot = "";
			targets = (
				01002042193DDFEA0063C430 /* API-selectClass */,
				0100205D193DDFEA0063C430 /* API-selectClassTests */,
			);
		};
/* End PBXProject section */

/* Begin PBXResourcesBuildPhase section */
		01002041193DDFEA0063C430 /* Resources */ = {
			isa = PBXResourcesBuildPhase;
			buildActionMask = 2147483647;
			files = (
				01002051193DDFEA0063C430 /* InfoPlist.strings in Resources */,
				01002059193DDFEA0063C430 /* Images.xcassets in Resources */,
			);
			runOnlyForDeploymentPostprocessing = 0;
		};
		0100205C193DDFEA0063C430 /* Resources */ = {
			isa = PBXResourcesBuildPhase;
			buildActionMask = 2147483647;
			files = (
				0100206A193DDFEA0063C430 /* InfoPlist.strings in Resources */,
			);
			runOnlyForDeploymentPostprocessing = 0;
		};
/* End PBXResourcesBuildPhase section */

/* Begin PBXShellScriptBuildPhase section */
		4CB4323EE4DA4E6385B6E954 /* Copy Pods Resources */ = {
			isa = PBXShellScriptBuildPhase;
			buildActionMask = 2147483647;
			files = (
			);
			inputPaths = (
			);
			name = "Copy Pods Resources";
			outputPaths = (
			);
			runOnlyForDeploymentPostprocessing = 0;
			shellPath = /bin/sh;
			shellScript = "\"${SRCROOT}/Pods/Pods-resources.sh\"\n";
			showEnvVarsInLog = 0;
		};
		BE65D091390D4347B283D44A /* Check Pods Manifest.lock */ = {
			isa = PBXShellScriptBuildPhase;
			buildActionMask = 2147483647;
			files = (
			);
			inputPaths = (
			);
			name = "Check Pods Manifest.lock";
			outputPaths = (
			);
			runOnlyForDeploymentPostprocessing = 0;
			shellPath = /bin/sh;
			shellScript = "diff \"${PODS_ROOT}/../Podfile.lock\" \"${PODS_ROOT}/Manifest.lock\" > /dev/null\nif [[ $? != 0 ]] ; then\n    cat << EOM\nerror: The sandbox is not in sync with the Podfile.lock. Run 'pod install' or update your CocoaPods installation.\nEOM\n    exit 1\nfi\n";
			showEnvVarsInLog = 0;
		};
/* End PBXShellScriptBuildPhase section */

/* Begin PBXSourcesBuildPhase section */
		0100203F193DDFEA0063C430 /* Sources */ = {
			isa = PBXSourcesBuildPhase;
			buildActionMask = 2147483647;
			files = (
				01002057193DDFEA0063C430 /* AppDelegate.m in Sources */,
				0100207A193DE0C30063C430 /* SelectClassView.m in Sources */,
				01002077193DE0340063C430 /* SelectClassViewController.m in Sources */,
				01002053193DDFEA0063C430 /* main.m in Sources */,
			);
			runOnlyForDeploymentPostprocessing = 0;
		};
		0100205A193DDFEA0063C430 /* Sources */ = {
			isa = PBXSourcesBuildPhase;
			buildActionMask = 2147483647;
			files = (
				0100206C193DDFEA0063C430 /* API_selectClassTests.m in Sources */,
			);
			runOnlyForDeploymentPostprocessing = 0;
		};
/* End PBXSourcesBuildPhase section */

/* Begin PBXTargetDependency section */
		01002064193DDFEA0063C430 /* PBXTargetDependency */ = {
			isa = PBXTargetDependency;
			target = 01002042193DDFEA0063C430 /* API-selectClass */;
			targetProxy = 01002063193DDFEA0063C430 /* PBXContainerItemProxy */;
		};
/* End PBXTargetDependency section */

/* Begin PBXVariantGroup section */
		0100204F193DDFEA0063C430 /* InfoPlist.strings */ = {
			isa = PBXVariantGroup;
			children = (
				01002050193DDFEA0063C430 /* en */,
			);
			name = InfoPlist.strings;
			sourceTree = "<group>";
		};
		01002068193DDFEA0063C430 /* InfoPlist.strings */ = {
			isa = PBXVariantGroup;
			children = (
				01002069193DDFEA0063C430 /* en */,
			);
			name = InfoPlist.strings;
			sourceTree = "<group>";
		};
/* End PBXVariantGroup section */

/* Begin XCBuildConfiguration section */
		0100206D193DDFEA0063C430 /* Debug */ = {
			isa = XCBuildConfiguration;
			buildSettings = {
				ALWAYS_SEARCH_USER_PATHS = NO;
				CLANG_CXX_LANGUAGE_STANDARD = "gnu++0x";
				CLANG_CXX_LIBRARY = "libc++";
				CLANG_ENABLE_MODULES = YES;
				CLANG_ENABLE_OBJC_ARC = YES;
				CLANG_WARN_BOOL_CONVERSION = YES;
				CLANG_WARN_CONSTANT_CONVERSION = YES;
				CLANG_WARN_DIRECT_OBJC_ISA_USAGE = YES_ERROR;
				CLANG_WARN_EMPTY_BODY = YES;
				CLANG_WARN_ENUM_CONVERSION = YES;
				CLANG_WARN_INT_CONVERSION = YES;
				CLANG_WARN_OBJC_ROOT_CLASS = YES_ERROR;
				CLANG_WARN__DUPLICATE_METHOD_MATCH = YES;
				"CODE_SIGN_IDENTITY[sdk=iphoneos*]" = "iPhone Developer";
				COPY_PHASE_STRIP = NO;
				GCC_C_LANGUAGE_STANDARD = gnu99;
				GCC_DYNAMIC_NO_PIC = NO;
				GCC_OPTIMIZATION_LEVEL = 0;
				GCC_PREPROCESSOR_DEFINITIONS = (
					"DEBUG=1",
					"$(inherited)",
				);
				GCC_SYMBOLS_PRIVATE_EXTERN = NO;
				GCC_WARN_64_TO_32_BIT_CONVERSION = YES;
				GCC_WARN_ABOUT_RETURN_TYPE = YES_ERROR;
				GCC_WARN_UNDECLARED_SELECTOR = YES;
				GCC_WARN_UNINITIALIZED_AUTOS = YES_AGGRESSIVE;
				GCC_WARN_UNUSED_FUNCTION = YES;
				GCC_WARN_UNUSED_VARIABLE = YES;
				IPHONEOS_DEPLOYMENT_TARGET = 7.1;
				ONLY_ACTIVE_ARCH = YES;
				SDKROOT = iphoneos;
			};
			name = Debug;
		};
		0100206E193DDFEA0063C430 /* Release */ = {
			isa = XCBuildConfiguration;
			buildSettings = {
				ALWAYS_SEARCH_USER_PATHS = NO;
				CLANG_CXX_LANGUAGE_STANDARD = "gnu++0x";
				CLANG_CXX_LIBRARY = "libc++";
				CLANG_ENABLE_MODULES = YES;
				CLANG_ENABLE_OBJC_ARC = YES;
				CLANG_WARN_BOOL_CONVERSION = YES;
				CLANG_WARN_CONSTANT_CONVERSION = YES;
				CLANG_WARN_DIRECT_OBJC_ISA_USAGE = YES_ERROR;
				CLANG_WARN_EMPTY_BODY = YES;
				CLANG_WARN_ENUM_CONVERSION = YES;
				CLANG_WARN_INT_CONVERSION = YES;
				CLANG_WARN_OBJC_ROOT_CLASS = YES_ERROR;
				CLANG_WARN__DUPLICATE_METHOD_MATCH = YES;
				"CODE_SIGN_IDENTITY[sdk=iphoneos*]" = "iPhone Developer";
				COPY_PHASE_STRIP = YES;
				ENABLE_NS_ASSERTIONS = NO;
				GCC_C_LANGUAGE_STANDARD = gnu99;
				GCC_WARN_64_TO_32_BIT_CONVERSION = YES;
				GCC_WARN_ABOUT_RETURN_TYPE = YES_ERROR;
				GCC_WARN_UNDECLARED_SELECTOR = YES;
				GCC_WARN_UNINITIALIZED_AUTOS = YES_AGGRESSIVE;
				GCC_WARN_UNUSED_FUNCTION = YES;
				GCC_WARN_UNUSED_VARIABLE = YES;
				IPHONEOS_DEPLOYMENT_TARGET = 7.1;
				SDKROOT = iphoneos;
				VALIDATE_PRODUCT = YES;
			};
			name = Release;
		};
		01002070193DDFEA0063C430 /* Debug */ = {
			isa = XCBuildConfiguration;
			baseConfigurationReference = 6E14DC40FB0A4249B944DF11 /* Pods.xcconfig */;
			buildSettings = {
				ASSETCATALOG_COMPILER_APPICON_NAME = AppIcon;
				ASSETCATALOG_COMPILER_LAUNCHIMAGE_NAME = LaunchImage;
				GCC_PRECOMPILE_PREFIX_HEADER = YES;
				GCC_PREFIX_HEADER = "API-selectClass/API-selectClass-Prefix.pch";
				INFOPLIST_FILE = "API-selectClass/API-selectClass-Info.plist";
				PRODUCT_NAME = "$(TARGET_NAME)";
				WRAPPER_EXTENSION = app;
			};
			name = Debug;
		};
		01002071193DDFEA0063C430 /* Release */ = {
			isa = XCBuildConfiguration;
			baseConfigurationReference = 6E14DC40FB0A4249B944DF11 /* Pods.xcconfig */;
			buildSettings = {
				ASSETCATALOG_COMPILER_APPICON_NAME = AppIcon;
				ASSETCATALOG_COMPILER_LAUNCHIMAGE_NAME = LaunchImage;
				GCC_PRECOMPILE_PREFIX_HEADER = YES;
				GCC_PREFIX_HEADER = "API-selectClass/API-selectClass-Prefix.pch";
				INFOPLIST_FILE = "API-selectClass/API-selectClass-Info.plist";
				PRODUCT_NAME = "$(TARGET_NAME)";
				WRAPPER_EXTENSION = app;
			};
			name = Release;
		};
		01002073193DDFEA0063C430 /* Debug */ = {
			isa = XCBuildConfiguration;
			buildSettings = {
				BUNDLE_LOADER = "$(BUILT_PRODUCTS_DIR)/API-selectClass.app/API-selectClass";
				FRAMEWORK_SEARCH_PATHS = (
					"$(SDKROOT)/Developer/Library/Frameworks",
					"$(inherited)",
					"$(DEVELOPER_FRAMEWORKS_DIR)",
				);
				GCC_PRECOMPILE_PREFIX_HEADER = YES;
				GCC_PREFIX_HEADER = "API-selectClass/API-selectClass-Prefix.pch";
				GCC_PREPROCESSOR_DEFINITIONS = (
					"DEBUG=1",
					"$(inherited)",
				);
				INFOPLIST_FILE = "API-selectClassTests/API-selectClassTests-Info.plist";
				PRODUCT_NAME = "$(TARGET_NAME)";
				TEST_HOST = "$(BUNDLE_LOADER)";
				WRAPPER_EXTENSION = xctest;
			};
			name = Debug;
		};
		01002074193DDFEA0063C430 /* Release */ = {
			isa = XCBuildConfiguration;
			buildSettings = {
				BUNDLE_LOADER = "$(BUILT_PRODUCTS_DIR)/API-selectClass.app/API-selectClass";
				FRAMEWORK_SEARCH_PATHS = (
					"$(SDKROOT)/Developer/Library/Frameworks",
					"$(inherited)",
					"$(DEVELOPER_FRAMEWORKS_DIR)",
				);
				GCC_PRECOMPILE_PREFIX_HEADER = YES;
				GCC_PREFIX_HEADER = "API-selectClass/API-selectClass-Prefix.pch";
				INFOPLIST_FILE = "API-selectClassTests/API-selectClassTests-Info.plist";
				PRODUCT_NAME = "$(TARGET_NAME)";
				TEST_HOST = "$(BUNDLE_LOADER)";
				WRAPPER_EXTENSION = xctest;
			};
			name = Release;
		};
/* End XCBuildConfiguration section */

/* Begin XCConfigurationList section */
		0100203E193DDFEA0063C430 /* Build configuration list for PBXProject "API-selectClass" */ = {
			isa = XCConfigurationList;
			buildConfigurations = (
				0100206D193DDFEA0063C430 /* Debug */,
				0100206E193DDFEA0063C430 /* Release */,
			);
			defaultConfigurationIsVisible = 0;
			defaultConfigurationName = Release;
		};
		0100206F193DDFEA0063C430 /* Build configuration list for PBXNativeTarget "API-selectClass" */ = {
			isa = XCConfigurationList;
			buildConfigurations = (
				01002070193DDFEA0063C430 /* Debug */,
				01002071193DDFEA0063C430 /* Release */,
			);
			defaultConfigurationIsVisible = 0;
			defaultConfigurationName = Release;
		};
		01002072193DDFEA0063C430 /* Build configuration list for PBXNativeTarget "API-selectClassTests" */ = {
			isa = XCConfigurationList;
			buildConfigurations = (
				01002073193DDFEA0063C430 /* Debug */,
				01002074193DDFEA0063C430 /* Release */,
			);
			defaultConfigurationIsVisible = 0;
			defaultConfigurationName = Release;
		};
/* End XCConfigurationList section */
	};
	rootObject = 0100203B193DDFEA0063C430 /* Project object */;
}
