// !$*UTF8*$!
{
	archiveVersion = 1;
	classes = {
	};
	objectVersion = 46;
	objects = {

/* Begin PBXBuildFile section */
		010509E3194F262B00AFE2B7 /* CompletedAssignment.m in Sources */ = {isa = PBXBuildFile; fileRef = 010509E0194F262B00AFE2B7 /* CompletedAssignment.m */; };
		010509E4194F262B00AFE2B7 /* CompletedAssignmentsFactory.m in Sources */ = {isa = PBXBuildFile; fileRef = 010509E2194F262B00AFE2B7 /* CompletedAssignmentsFactory.m */; };
		010509EA194F520E00AFE2B7 /* ConnectionView.m in Sources */ = {isa = PBXBuildFile; fileRef = 010509E7194F520E00AFE2B7 /* ConnectionView.m */; };
		010509EB194F520E00AFE2B7 /* ConnectionViewController.m in Sources */ = {isa = PBXBuildFile; fileRef = 010509E9194F520E00AFE2B7 /* ConnectionViewController.m */; };
		010509EF194F910E00AFE2B7 /* BokehViewController.m in Sources */ = {isa = PBXBuildFile; fileRef = 010509EE194F910E00AFE2B7 /* BokehViewController.m */; };
		010509F2194F912A00AFE2B7 /* BokehView.m in Sources */ = {isa = PBXBuildFile; fileRef = 010509F1194F912A00AFE2B7 /* BokehView.m */; };
		0118F2741949B44600A9FA11 /* AddNoteView.m in Sources */ = {isa = PBXBuildFile; fileRef = 0118F2661949B44600A9FA11 /* AddNoteView.m */; };
		0118F2751949B44600A9FA11 /* AddNoteViewController.m in Sources */ = {isa = PBXBuildFile; fileRef = 0118F2681949B44600A9FA11 /* AddNoteViewController.m */; };
		0118F2761949B44600A9FA11 /* ColorCell.m in Sources */ = {isa = PBXBuildFile; fileRef = 0118F26A1949B44600A9FA11 /* ColorCell.m */; };
		0118F2771949B44600A9FA11 /* Note.m in Sources */ = {isa = PBXBuildFile; fileRef = 0118F26C1949B44600A9FA11 /* Note.m */; };
		0118F2781949B44600A9FA11 /* NotesTableViewController.m in Sources */ = {isa = PBXBuildFile; fileRef = 0118F26E1949B44600A9FA11 /* NotesTableViewController.m */; };
		0118F2791949B44600A9FA11 /* UpdateNoteView.m in Sources */ = {isa = PBXBuildFile; fileRef = 0118F2711949B44600A9FA11 /* UpdateNoteView.m */; };
		0118F27A1949B44600A9FA11 /* UpdateNoteViewController.m in Sources */ = {isa = PBXBuildFile; fileRef = 0118F2731949B44600A9FA11 /* UpdateNoteViewController.m */; };
		01194A8B194B2B9700B1870E /* CoreLocation.framework in Frameworks */ = {isa = PBXBuildFile; fileRef = 01194A8A194B2B9700B1870E /* CoreLocation.framework */; };
		01194A8D194B2BA100B1870E /* MultipeerConnectivity.framework in Frameworks */ = {isa = PBXBuildFile; fileRef = 01194A8C194B2BA100B1870E /* MultipeerConnectivity.framework */; };
		01194A8F194B2BAB00B1870E /* AVFoundation.framework in Frameworks */ = {isa = PBXBuildFile; fileRef = 01194A8E194B2BAB00B1870E /* AVFoundation.framework */; };
		01630E6C194EDC3700AC0194 /* LookView.m in Sources */ = {isa = PBXBuildFile; fileRef = 01630E65194EDC3700AC0194 /* LookView.m */; };
		01630E6D194EDC3700AC0194 /* LookViewController.m in Sources */ = {isa = PBXBuildFile; fileRef = 01630E67194EDC3700AC0194 /* LookViewController.m */; };
		01630E6E194EDC3700AC0194 /* RecordView.m in Sources */ = {isa = PBXBuildFile; fileRef = 01630E69194EDC3700AC0194 /* RecordView.m */; };
		01630E6F194EDC3700AC0194 /* RecordViewController.m in Sources */ = {isa = PBXBuildFile; fileRef = 01630E6B194EDC3700AC0194 /* RecordViewController.m */; };
		01795422193DD4DC00DFFB4E /* LoginViewController.m in Sources */ = {isa = PBXBuildFile; fileRef = 01795421193DD4DC00DFFB4E /* LoginViewController.m */; };
		01795425193DD4F000DFFB4E /* LoginView.m in Sources */ = {isa = PBXBuildFile; fileRef = 01795424193DD4F000DFFB4E /* LoginView.m */; };
		01876B77193603650037D9DC /* Foundation.framework in Frameworks */ = {isa = PBXBuildFile; fileRef = 01876B76193603650037D9DC /* Foundation.framework */; };
		01876B79193603650037D9DC /* CoreGraphics.framework in Frameworks */ = {isa = PBXBuildFile; fileRef = 01876B78193603650037D9DC /* CoreGraphics.framework */; };
		01876B7B193603650037D9DC /* UIKit.framework in Frameworks */ = {isa = PBXBuildFile; fileRef = 01876B7A193603650037D9DC /* UIKit.framework */; };
		01876B81193603650037D9DC /* InfoPlist.strings in Resources */ = {isa = PBXBuildFile; fileRef = 01876B7F193603650037D9DC /* InfoPlist.strings */; };
		01876B83193603650037D9DC /* main.m in Sources */ = {isa = PBXBuildFile; fileRef = 01876B82193603650037D9DC /* main.m */; };
		01876B87193603650037D9DC /* AppDelegate.m in Sources */ = {isa = PBXBuildFile; fileRef = 01876B86193603650037D9DC /* AppDelegate.m */; };
		01876B89193603650037D9DC /* Images.xcassets in Resources */ = {isa = PBXBuildFile; fileRef = 01876B88193603650037D9DC /* Images.xcassets */; };
		01876B90193603650037D9DC /* XCTest.framework in Frameworks */ = {isa = PBXBuildFile; fileRef = 01876B8F193603650037D9DC /* XCTest.framework */; };
		01876B91193603650037D9DC /* Foundation.framework in Frameworks */ = {isa = PBXBuildFile; fileRef = 01876B76193603650037D9DC /* Foundation.framework */; };
		01876B92193603650037D9DC /* UIKit.framework in Frameworks */ = {isa = PBXBuildFile; fileRef = 01876B7A193603650037D9DC /* UIKit.framework */; };
		01876B9A193603650037D9DC /* InfoPlist.strings in Resources */ = {isa = PBXBuildFile; fileRef = 01876B98193603650037D9DC /* InfoPlist.strings */; };
		01876B9C193603650037D9DC /* EnRouteTests.m in Sources */ = {isa = PBXBuildFile; fileRef = 01876B9B193603650037D9DC /* EnRouteTests.m */; };
		01876BA71936038A0037D9DC /* MainView.m in Sources */ = {isa = PBXBuildFile; fileRef = 01876BA61936038A0037D9DC /* MainView.m */; };
		01876BAA193603C00037D9DC /* MainViewController.m in Sources */ = {isa = PBXBuildFile; fileRef = 01876BA9193603C00037D9DC /* MainViewController.m */; };
		018D7A3E194088B200099315 /* assignments.json in Resources */ = {isa = PBXBuildFile; fileRef = 018D7A3D194088B200099315 /* assignments.json */; };
		018D7A411940895500099315 /* Assignment.m in Sources */ = {isa = PBXBuildFile; fileRef = 018D7A401940895500099315 /* Assignment.m */; };
		018D7A441940897300099315 /* AssignmentFactory.m in Sources */ = {isa = PBXBuildFile; fileRef = 018D7A431940897300099315 /* AssignmentFactory.m */; };
		018D7A471940AC7100099315 /* AssignmentView.m in Sources */ = {isa = PBXBuildFile; fileRef = 018D7A461940AC7100099315 /* AssignmentView.m */; };
		019A66BD194E475C004FC139 /* RecorderView.m in Sources */ = {isa = PBXBuildFile; fileRef = 019A66BA194E475C004FC139 /* RecorderView.m */; };
		019A66BE194E475C004FC139 /* RecorderViewController.m in Sources */ = {isa = PBXBuildFile; fileRef = 019A66BC194E475C004FC139 /* RecorderViewController.m */; };
		019B0DC61947543A00E3C450 /* QuartzCore.framework in Frameworks */ = {isa = PBXBuildFile; fileRef = 019B0DC51947543A00E3C450 /* QuartzCore.framework */; };
		019B0DCB19476C9A00E3C450 /* AssignmentToolsViewController.m in Sources */ = {isa = PBXBuildFile; fileRef = 019B0DCA19476C9A00E3C450 /* AssignmentToolsViewController.m */; };
		019B0DCE19476CAF00E3C450 /* AssignmentToolsView.m in Sources */ = {isa = PBXBuildFile; fileRef = 019B0DCD19476CAF00E3C450 /* AssignmentToolsView.m */; };
		01AE872A193F644800637ECD /* Hallo sans.ttf in Resources */ = {isa = PBXBuildFile; fileRef = 01AE8727193F644800637ECD /* Hallo sans.ttf */; };
		01AE872B193F644800637ECD /* Hallo sans black.ttf in Resources */ = {isa = PBXBuildFile; fileRef = 01AE8728193F644800637ECD /* Hallo sans black.ttf */; };
		01AE872C193F644800637ECD /* Hallo sans light.ttf in Resources */ = {isa = PBXBuildFile; fileRef = 01AE8729193F644800637ECD /* Hallo sans light.ttf */; };
		01DCDEE21949E9E1004F47B9 /* CameraView.m in Sources */ = {isa = PBXBuildFile; fileRef = 01DCDEDD1949E9E1004F47B9 /* CameraView.m */; };
		01DCDEE31949E9E1004F47B9 /* CameraViewController.m in Sources */ = {isa = PBXBuildFile; fileRef = 01DCDEDF1949E9E1004F47B9 /* CameraViewController.m */; };
		2D0ED2C6DB6845AC9034B192 /* libPods.a in Frameworks */ = {isa = PBXBuildFile; fileRef = 92C5C1A96AE24848913ACBFA /* libPods.a */; };
/* End PBXBuildFile section */

/* Begin PBXContainerItemProxy section */
		01876B93193603650037D9DC /* PBXContainerItemProxy */ = {
			isa = PBXContainerItemProxy;
			containerPortal = 01876B6B193603650037D9DC /* Project object */;
			proxyType = 1;
			remoteGlobalIDString = 01876B72193603650037D9DC;
			remoteInfo = EnRoute;
		};
/* End PBXContainerItemProxy section */

/* Begin PBXFileReference section */
		010509DF194F262B00AFE2B7 /* CompletedAssignment.h */ = {isa = PBXFileReference; fileEncoding = 4; lastKnownFileType = sourcecode.c.h; path = CompletedAssignment.h; sourceTree = "<group>"; };
		010509E0194F262B00AFE2B7 /* CompletedAssignment.m */ = {isa = PBXFileReference; fileEncoding = 4; lastKnownFileType = sourcecode.c.objc; path = CompletedAssignment.m; sourceTree = "<group>"; };
		010509E1194F262B00AFE2B7 /* CompletedAssignmentsFactory.h */ = {isa = PBXFileReference; fileEncoding = 4; lastKnownFileType = sourcecode.c.h; path = CompletedAssignmentsFactory.h; sourceTree = "<group>"; };
		010509E2194F262B00AFE2B7 /* CompletedAssignmentsFactory.m */ = {isa = PBXFileReference; fileEncoding = 4; lastKnownFileType = sourcecode.c.objc; path = CompletedAssignmentsFactory.m; sourceTree = "<group>"; };
		010509E6194F520E00AFE2B7 /* ConnectionView.h */ = {isa = PBXFileReference; fileEncoding = 4; lastKnownFileType = sourcecode.c.h; path = ConnectionView.h; sourceTree = "<group>"; };
		010509E7194F520E00AFE2B7 /* ConnectionView.m */ = {isa = PBXFileReference; fileEncoding = 4; lastKnownFileType = sourcecode.c.objc; path = ConnectionView.m; sourceTree = "<group>"; };
		010509E8194F520E00AFE2B7 /* ConnectionViewController.h */ = {isa = PBXFileReference; fileEncoding = 4; lastKnownFileType = sourcecode.c.h; path = ConnectionViewController.h; sourceTree = "<group>"; };
		010509E9194F520E00AFE2B7 /* ConnectionViewController.m */ = {isa = PBXFileReference; fileEncoding = 4; lastKnownFileType = sourcecode.c.objc; path = ConnectionViewController.m; sourceTree = "<group>"; };
		010509ED194F910E00AFE2B7 /* BokehViewController.h */ = {isa = PBXFileReference; fileEncoding = 4; lastKnownFileType = sourcecode.c.h; path = BokehViewController.h; sourceTree = "<group>"; };
		010509EE194F910E00AFE2B7 /* BokehViewController.m */ = {isa = PBXFileReference; fileEncoding = 4; lastKnownFileType = sourcecode.c.objc; path = BokehViewController.m; sourceTree = "<group>"; };
		010509F0194F912A00AFE2B7 /* BokehView.h */ = {isa = PBXFileReference; fileEncoding = 4; lastKnownFileType = sourcecode.c.h; path = BokehView.h; sourceTree = "<group>"; };
		010509F1194F912A00AFE2B7 /* BokehView.m */ = {isa = PBXFileReference; fileEncoding = 4; lastKnownFileType = sourcecode.c.objc; path = BokehView.m; sourceTree = "<group>"; };
		0118F2641949B44600A9FA11 /* AddNoteDelegate.h */ = {isa = PBXFileReference; fileEncoding = 4; lastKnownFileType = sourcecode.c.h; path = AddNoteDelegate.h; sourceTree = "<group>"; };
		0118F2651949B44600A9FA11 /* AddNoteView.h */ = {isa = PBXFileReference; fileEncoding = 4; lastKnownFileType = sourcecode.c.h; path = AddNoteView.h; sourceTree = "<group>"; };
		0118F2661949B44600A9FA11 /* AddNoteView.m */ = {isa = PBXFileReference; fileEncoding = 4; lastKnownFileType = sourcecode.c.objc; path = AddNoteView.m; sourceTree = "<group>"; };
		0118F2671949B44600A9FA11 /* AddNoteViewController.h */ = {isa = PBXFileReference; fileEncoding = 4; lastKnownFileType = sourcecode.c.h; path = AddNoteViewController.h; sourceTree = "<group>"; };
		0118F2681949B44600A9FA11 /* AddNoteViewController.m */ = {isa = PBXFileReference; fileEncoding = 4; lastKnownFileType = sourcecode.c.objc; path = AddNoteViewController.m; sourceTree = "<group>"; };
		0118F2691949B44600A9FA11 /* ColorCell.h */ = {isa = PBXFileReference; fileEncoding = 4; lastKnownFileType = sourcecode.c.h; path = ColorCell.h; sourceTree = "<group>"; };
		0118F26A1949B44600A9FA11 /* ColorCell.m */ = {isa = PBXFileReference; fileEncoding = 4; lastKnownFileType = sourcecode.c.objc; path = ColorCell.m; sourceTree = "<group>"; };
		0118F26B1949B44600A9FA11 /* Note.h */ = {isa = PBXFileReference; fileEncoding = 4; lastKnownFileType = sourcecode.c.h; path = Note.h; sourceTree = "<group>"; };
		0118F26C1949B44600A9FA11 /* Note.m */ = {isa = PBXFileReference; fileEncoding = 4; lastKnownFileType = sourcecode.c.objc; path = Note.m; sourceTree = "<group>"; };
		0118F26D1949B44600A9FA11 /* NotesTableViewController.h */ = {isa = PBXFileReference; fileEncoding = 4; lastKnownFileType = sourcecode.c.h; path = NotesTableViewController.h; sourceTree = "<group>"; };
		0118F26E1949B44600A9FA11 /* NotesTableViewController.m */ = {isa = PBXFileReference; fileEncoding = 4; lastKnownFileType = sourcecode.c.objc; path = NotesTableViewController.m; sourceTree = "<group>"; };
		0118F26F1949B44600A9FA11 /* UpdateNoteDelegate.h */ = {isa = PBXFileReference; fileEncoding = 4; lastKnownFileType = sourcecode.c.h; path = UpdateNoteDelegate.h; sourceTree = "<group>"; };
		0118F2701949B44600A9FA11 /* UpdateNoteView.h */ = {isa = PBXFileReference; fileEncoding = 4; lastKnownFileType = sourcecode.c.h; path = UpdateNoteView.h; sourceTree = "<group>"; };
		0118F2711949B44600A9FA11 /* UpdateNoteView.m */ = {isa = PBXFileReference; fileEncoding = 4; lastKnownFileType = sourcecode.c.objc; path = UpdateNoteView.m; sourceTree = "<group>"; };
		0118F2721949B44600A9FA11 /* UpdateNoteViewController.h */ = {isa = PBXFileReference; fileEncoding = 4; lastKnownFileType = sourcecode.c.h; path = UpdateNoteViewController.h; sourceTree = "<group>"; };
		0118F2731949B44600A9FA11 /* UpdateNoteViewController.m */ = {isa = PBXFileReference; fileEncoding = 4; lastKnownFileType = sourcecode.c.objc; path = UpdateNoteViewController.m; sourceTree = "<group>"; };
		01194A8A194B2B9700B1870E /* CoreLocation.framework */ = {isa = PBXFileReference; lastKnownFileType = wrapper.framework; name = CoreLocation.framework; path = System/Library/Frameworks/CoreLocation.framework; sourceTree = SDKROOT; };
		01194A8C194B2BA100B1870E /* MultipeerConnectivity.framework */ = {isa = PBXFileReference; lastKnownFileType = wrapper.framework; name = MultipeerConnectivity.framework; path = System/Library/Frameworks/MultipeerConnectivity.framework; sourceTree = SDKROOT; };
		01194A8E194B2BAB00B1870E /* AVFoundation.framework */ = {isa = PBXFileReference; lastKnownFileType = wrapper.framework; name = AVFoundation.framework; path = System/Library/Frameworks/AVFoundation.framework; sourceTree = SDKROOT; };
		01630E64194EDC3700AC0194 /* LookView.h */ = {isa = PBXFileReference; fileEncoding = 4; lastKnownFileType = sourcecode.c.h; path = LookView.h; sourceTree = "<group>"; };
		01630E65194EDC3700AC0194 /* LookView.m */ = {isa = PBXFileReference; fileEncoding = 4; lastKnownFileType = sourcecode.c.objc; path = LookView.m; sourceTree = "<group>"; };
		01630E66194EDC3700AC0194 /* LookViewController.h */ = {isa = PBXFileReference; fileEncoding = 4; lastKnownFileType = sourcecode.c.h; path = LookViewController.h; sourceTree = "<group>"; };
		01630E67194EDC3700AC0194 /* LookViewController.m */ = {isa = PBXFileReference; fileEncoding = 4; lastKnownFileType = sourcecode.c.objc; path = LookViewController.m; sourceTree = "<group>"; };
		01630E68194EDC3700AC0194 /* RecordView.h */ = {isa = PBXFileReference; fileEncoding = 4; lastKnownFileType = sourcecode.c.h; path = RecordView.h; sourceTree = "<group>"; };
		01630E69194EDC3700AC0194 /* RecordView.m */ = {isa = PBXFileReference; fileEncoding = 4; lastKnownFileType = sourcecode.c.objc; path = RecordView.m; sourceTree = "<group>"; };
		01630E6A194EDC3700AC0194 /* RecordViewController.h */ = {isa = PBXFileReference; fileEncoding = 4; lastKnownFileType = sourcecode.c.h; path = RecordViewController.h; sourceTree = "<group>"; };
		01630E6B194EDC3700AC0194 /* RecordViewController.m */ = {isa = PBXFileReference; fileEncoding = 4; lastKnownFileType = sourcecode.c.objc; path = RecordViewController.m; sourceTree = "<group>"; };
		01795420193DD4DC00DFFB4E /* LoginViewController.h */ = {isa = PBXFileReference; fileEncoding = 4; lastKnownFileType = sourcecode.c.h; path = LoginViewController.h; sourceTree = "<group>"; };
		01795421193DD4DC00DFFB4E /* LoginViewController.m */ = {isa = PBXFileReference; fileEncoding = 4; lastKnownFileType = sourcecode.c.objc; path = LoginViewController.m; sourceTree = "<group>"; };
		01795423193DD4F000DFFB4E /* LoginView.h */ = {isa = PBXFileReference; fileEncoding = 4; lastKnownFileType = sourcecode.c.h; path = LoginView.h; sourceTree = "<group>"; };
		01795424193DD4F000DFFB4E /* LoginView.m */ = {isa = PBXFileReference; fileEncoding = 4; lastKnownFileType = sourcecode.c.objc; path = LoginView.m; sourceTree = "<group>"; };
		01876B73193603650037D9DC /* Gent Verlicht.app */ = {isa = PBXFileReference; explicitFileType = wrapper.application; includeInIndex = 0; path = "Gent Verlicht.app"; sourceTree = BUILT_PRODUCTS_DIR; };
		01876B76193603650037D9DC /* Foundation.framework */ = {isa = PBXFileReference; lastKnownFileType = wrapper.framework; name = Foundation.framework; path = System/Library/Frameworks/Foundation.framework; sourceTree = SDKROOT; };
		01876B78193603650037D9DC /* CoreGraphics.framework */ = {isa = PBXFileReference; lastKnownFileType = wrapper.framework; name = CoreGraphics.framework; path = System/Library/Frameworks/CoreGraphics.framework; sourceTree = SDKROOT; };
		01876B7A193603650037D9DC /* UIKit.framework */ = {isa = PBXFileReference; lastKnownFileType = wrapper.framework; name = UIKit.framework; path = System/Library/Frameworks/UIKit.framework; sourceTree = SDKROOT; };
		01876B7E193603650037D9DC /* En Route-Info.plist */ = {isa = PBXFileReference; lastKnownFileType = text.plist.xml; path = "En Route-Info.plist"; sourceTree = "<group>"; };
		01876B80193603650037D9DC /* en */ = {isa = PBXFileReference; lastKnownFileType = text.plist.strings; name = en; path = en.lproj/InfoPlist.strings; sourceTree = "<group>"; };
		01876B82193603650037D9DC /* main.m */ = {isa = PBXFileReference; lastKnownFileType = sourcecode.c.objc; path = main.m; sourceTree = "<group>"; };
		01876B84193603650037D9DC /* En Route-Prefix.pch */ = {isa = PBXFileReference; lastKnownFileType = sourcecode.c.h; path = "En Route-Prefix.pch"; sourceTree = "<group>"; };
		01876B85193603650037D9DC /* AppDelegate.h */ = {isa = PBXFileReference; lastKnownFileType = sourcecode.c.h; path = AppDelegate.h; sourceTree = "<group>"; };
		01876B86193603650037D9DC /* AppDelegate.m */ = {isa = PBXFileReference; lastKnownFileType = sourcecode.c.objc; path = AppDelegate.m; sourceTree = "<group>"; };
		01876B88193603650037D9DC /* Images.xcassets */ = {isa = PBXFileReference; lastKnownFileType = folder.assetcatalog; path = Images.xcassets; sourceTree = "<group>"; };
		01876B8E193603650037D9DC /* En RouteTests.xctest */ = {isa = PBXFileReference; explicitFileType = wrapper.cfbundle; includeInIndex = 0; path = "En RouteTests.xctest"; sourceTree = BUILT_PRODUCTS_DIR; };
		01876B8F193603650037D9DC /* XCTest.framework */ = {isa = PBXFileReference; lastKnownFileType = wrapper.framework; name = XCTest.framework; path = Library/Frameworks/XCTest.framework; sourceTree = DEVELOPER_DIR; };
		01876B97193603650037D9DC /* En RouteTests-Info.plist */ = {isa = PBXFileReference; lastKnownFileType = text.plist.xml; path = "En RouteTests-Info.plist"; sourceTree = "<group>"; };
		01876B99193603650037D9DC /* en */ = {isa = PBXFileReference; lastKnownFileType = text.plist.strings; name = en; path = en.lproj/InfoPlist.strings; sourceTree = "<group>"; };
		01876B9B193603650037D9DC /* EnRouteTests.m */ = {isa = PBXFileReference; lastKnownFileType = sourcecode.c.objc; path = EnRouteTests.m; sourceTree = "<group>"; };
		01876BA51936038A0037D9DC /* MainView.h */ = {isa = PBXFileReference; fileEncoding = 4; lastKnownFileType = sourcecode.c.h; path = MainView.h; sourceTree = "<group>"; };
		01876BA61936038A0037D9DC /* MainView.m */ = {isa = PBXFileReference; fileEncoding = 4; lastKnownFileType = sourcecode.c.objc; path = MainView.m; sourceTree = "<group>"; };
		01876BA8193603C00037D9DC /* MainViewController.h */ = {isa = PBXFileReference; fileEncoding = 4; lastKnownFileType = sourcecode.c.h; path = MainViewController.h; sourceTree = "<group>"; };
		01876BA9193603C00037D9DC /* MainViewController.m */ = {isa = PBXFileReference; fileEncoding = 4; lastKnownFileType = sourcecode.c.objc; path = MainViewController.m; sourceTree = "<group>"; };
		018D7A3D194088B200099315 /* assignments.json */ = {isa = PBXFileReference; fileEncoding = 4; lastKnownFileType = text.json; path = assignments.json; sourceTree = "<group>"; };
		018D7A3F1940895500099315 /* Assignment.h */ = {isa = PBXFileReference; fileEncoding = 4; lastKnownFileType = sourcecode.c.h; path = Assignment.h; sourceTree = "<group>"; };
		018D7A401940895500099315 /* Assignment.m */ = {isa = PBXFileReference; fileEncoding = 4; lastKnownFileType = sourcecode.c.objc; path = Assignment.m; sourceTree = "<group>"; };
		018D7A421940897300099315 /* AssignmentFactory.h */ = {isa = PBXFileReference; fileEncoding = 4; lastKnownFileType = sourcecode.c.h; path = AssignmentFactory.h; sourceTree = "<group>"; };
		018D7A431940897300099315 /* AssignmentFactory.m */ = {isa = PBXFileReference; fileEncoding = 4; lastKnownFileType = sourcecode.c.objc; path = AssignmentFactory.m; sourceTree = "<group>"; };
		018D7A451940AC7100099315 /* AssignmentView.h */ = {isa = PBXFileReference; fileEncoding = 4; lastKnownFileType = sourcecode.c.h; path = AssignmentView.h; sourceTree = "<group>"; };
		018D7A461940AC7100099315 /* AssignmentView.m */ = {isa = PBXFileReference; fileEncoding = 4; lastKnownFileType = sourcecode.c.objc; path = AssignmentView.m; sourceTree = "<group>"; };
		019A66B9194E475C004FC139 /* RecorderView.h */ = {isa = PBXFileReference; fileEncoding = 4; lastKnownFileType = sourcecode.c.h; path = RecorderView.h; sourceTree = "<group>"; };
		019A66BA194E475C004FC139 /* RecorderView.m */ = {isa = PBXFileReference; fileEncoding = 4; lastKnownFileType = sourcecode.c.objc; path = RecorderView.m; sourceTree = "<group>"; };
		019A66BB194E475C004FC139 /* RecorderViewController.h */ = {isa = PBXFileReference; fileEncoding = 4; lastKnownFileType = sourcecode.c.h; path = RecorderViewController.h; sourceTree = "<group>"; };
		019A66BC194E475C004FC139 /* RecorderViewController.m */ = {isa = PBXFileReference; fileEncoding = 4; lastKnownFileType = sourcecode.c.objc; path = RecorderViewController.m; sourceTree = "<group>"; };
		019B0DC51947543A00E3C450 /* QuartzCore.framework */ = {isa = PBXFileReference; lastKnownFileType = wrapper.framework; name = QuartzCore.framework; path = System/Library/Frameworks/QuartzCore.framework; sourceTree = SDKROOT; };
		019B0DC919476C9A00E3C450 /* AssignmentToolsViewController.h */ = {isa = PBXFileReference; fileEncoding = 4; lastKnownFileType = sourcecode.c.h; path = AssignmentToolsViewController.h; sourceTree = "<group>"; };
		019B0DCA19476C9A00E3C450 /* AssignmentToolsViewController.m */ = {isa = PBXFileReference; fileEncoding = 4; lastKnownFileType = sourcecode.c.objc; path = AssignmentToolsViewController.m; sourceTree = "<group>"; };
		019B0DCC19476CAF00E3C450 /* AssignmentToolsView.h */ = {isa = PBXFileReference; fileEncoding = 4; lastKnownFileType = sourcecode.c.h; path = AssignmentToolsView.h; sourceTree = "<group>"; };
		019B0DCD19476CAF00E3C450 /* AssignmentToolsView.m */ = {isa = PBXFileReference; fileEncoding = 4; lastKnownFileType = sourcecode.c.objc; path = AssignmentToolsView.m; sourceTree = "<group>"; };
		01AE8727193F644800637ECD /* Hallo sans.ttf */ = {isa = PBXFileReference; lastKnownFileType = file; path = "Hallo sans.ttf"; sourceTree = "<group>"; };
		01AE8728193F644800637ECD /* Hallo sans black.ttf */ = {isa = PBXFileReference; lastKnownFileType = file; path = "Hallo sans black.ttf"; sourceTree = "<group>"; };
		01AE8729193F644800637ECD /* Hallo sans light.ttf */ = {isa = PBXFileReference; lastKnownFileType = file; path = "Hallo sans light.ttf"; sourceTree = "<group>"; };
		01DCDEDC1949E9E1004F47B9 /* CameraView.h */ = {isa = PBXFileReference; fileEncoding = 4; lastKnownFileType = sourcecode.c.h; path = CameraView.h; sourceTree = "<group>"; };
		01DCDEDD1949E9E1004F47B9 /* CameraView.m */ = {isa = PBXFileReference; fileEncoding = 4; lastKnownFileType = sourcecode.c.objc; path = CameraView.m; sourceTree = "<group>"; };
		01DCDEDE1949E9E1004F47B9 /* CameraViewController.h */ = {isa = PBXFileReference; fileEncoding = 4; lastKnownFileType = sourcecode.c.h; path = CameraViewController.h; sourceTree = "<group>"; };
		01DCDEDF1949E9E1004F47B9 /* CameraViewController.m */ = {isa = PBXFileReference; fileEncoding = 4; lastKnownFileType = sourcecode.c.objc; path = CameraViewController.m; sourceTree = "<group>"; };
		8373DD90F352408F9213D690 /* Pods.xcconfig */ = {isa = PBXFileReference; includeInIndex = 1; lastKnownFileType = text.xcconfig; name = Pods.xcconfig; path = Pods/Pods.xcconfig; sourceTree = "<group>"; };
		92C5C1A96AE24848913ACBFA /* libPods.a */ = {isa = PBXFileReference; explicitFileType = archive.ar; includeInIndex = 0; path = libPods.a; sourceTree = BUILT_PRODUCTS_DIR; };
/* End PBXFileReference section */

/* Begin PBXFrameworksBuildPhase section */
		01876B70193603650037D9DC /* Frameworks */ = {
			isa = PBXFrameworksBuildPhase;
			buildActionMask = 2147483647;
			files = (
				01194A8F194B2BAB00B1870E /* AVFoundation.framework in Frameworks */,
				01194A8D194B2BA100B1870E /* MultipeerConnectivity.framework in Frameworks */,
				01194A8B194B2B9700B1870E /* CoreLocation.framework in Frameworks */,
				019B0DC61947543A00E3C450 /* QuartzCore.framework in Frameworks */,
				01876B79193603650037D9DC /* CoreGraphics.framework in Frameworks */,
				01876B7B193603650037D9DC /* UIKit.framework in Frameworks */,
				01876B77193603650037D9DC /* Foundation.framework in Frameworks */,
				2D0ED2C6DB6845AC9034B192 /* libPods.a in Frameworks */,
			);
			runOnlyForDeploymentPostprocessing = 0;
		};
		01876B8B193603650037D9DC /* Frameworks */ = {
			isa = PBXFrameworksBuildPhase;
			buildActionMask = 2147483647;
			files = (
				01876B90193603650037D9DC /* XCTest.framework in Frameworks */,
				01876B92193603650037D9DC /* UIKit.framework in Frameworks */,
				01876B91193603650037D9DC /* Foundation.framework in Frameworks */,
			);
			runOnlyForDeploymentPostprocessing = 0;
		};
/* End PBXFrameworksBuildPhase section */

/* Begin PBXGroup section */
		010509DE194F25F200AFE2B7 /* Map */ = {
			isa = PBXGroup;
			children = (
				010509E1194F262B00AFE2B7 /* CompletedAssignmentsFactory.h */,
				010509E2194F262B00AFE2B7 /* CompletedAssignmentsFactory.m */,
				010509DF194F262B00AFE2B7 /* CompletedAssignment.h */,
				010509E0194F262B00AFE2B7 /* CompletedAssignment.m */,
			);
			name = Map;
			sourceTree = "<group>";
		};
		010509E5194F517100AFE2B7 /* ShadowMovie */ = {
			isa = PBXGroup;
			children = (
				010509E8194F520E00AFE2B7 /* ConnectionViewController.h */,
				010509E9194F520E00AFE2B7 /* ConnectionViewController.m */,
				010509E6194F520E00AFE2B7 /* ConnectionView.h */,
				010509E7194F520E00AFE2B7 /* ConnectionView.m */,
			);
			name = ShadowMovie;
			sourceTree = "<group>";
		};
		010509EC194F90B400AFE2B7 /* Bokeh */ = {
			isa = PBXGroup;
			children = (
				010509ED194F910E00AFE2B7 /* BokehViewController.h */,
				010509EE194F910E00AFE2B7 /* BokehViewController.m */,
				010509F0194F912A00AFE2B7 /* BokehView.h */,
				010509F1194F912A00AFE2B7 /* BokehView.m */,
			);
			name = Bokeh;
			sourceTree = "<group>";
		};
		0118F27B1949B45A00A9FA11 /* UpdateNote */ = {
			isa = PBXGroup;
			children = (
				0118F2721949B44600A9FA11 /* UpdateNoteViewController.h */,
				0118F2731949B44600A9FA11 /* UpdateNoteViewController.m */,
				0118F26F1949B44600A9FA11 /* UpdateNoteDelegate.h */,
				0118F2701949B44600A9FA11 /* UpdateNoteView.h */,
				0118F2711949B44600A9FA11 /* UpdateNoteView.m */,
			);
			name = UpdateNote;
			sourceTree = "<group>";
		};
		0118F27C1949B47D00A9FA11 /* AddNote */ = {
			isa = PBXGroup;
			children = (
				0118F2671949B44600A9FA11 /* AddNoteViewController.h */,
				0118F2681949B44600A9FA11 /* AddNoteViewController.m */,
				0118F2641949B44600A9FA11 /* AddNoteDelegate.h */,
				0118F2651949B44600A9FA11 /* AddNoteView.h */,
				0118F2661949B44600A9FA11 /* AddNoteView.m */,
				0118F26B1949B44600A9FA11 /* Note.h */,
				0118F26C1949B44600A9FA11 /* Note.m */,
			);
			name = AddNote;
			sourceTree = "<group>";
		};
		0118F27D1949B49300A9FA11 /* Notes */ = {
			isa = PBXGroup;
			children = (
				0118F26D1949B44600A9FA11 /* NotesTableViewController.h */,
				0118F26E1949B44600A9FA11 /* NotesTableViewController.m */,
				0118F2691949B44600A9FA11 /* ColorCell.h */,
				0118F26A1949B44600A9FA11 /* ColorCell.m */,
				0118F27C1949B47D00A9FA11 /* AddNote */,
				0118F27B1949B45A00A9FA11 /* UpdateNote */,
			);
			name = Notes;
			sourceTree = "<group>";
		};
		011A56FB194ED8EB0035DB0C /* Multipeer */ = {
			isa = PBXGroup;
			children = (
				01630E66194EDC3700AC0194 /* LookViewController.h */,
				01630E67194EDC3700AC0194 /* LookViewController.m */,
				01630E64194EDC3700AC0194 /* LookView.h */,
				01630E65194EDC3700AC0194 /* LookView.m */,
				01630E6A194EDC3700AC0194 /* RecordViewController.h */,
				01630E6B194EDC3700AC0194 /* RecordViewController.m */,
				01630E68194EDC3700AC0194 /* RecordView.h */,
				01630E69194EDC3700AC0194 /* RecordView.m */,
			);
			name = Multipeer;
			sourceTree = "<group>";
		};
		01876B6A193603650037D9DC = {
			isa = PBXGroup;
			children = (
				01876B7C193603650037D9DC /* EnRoute */,
				01876B95193603650037D9DC /* EnRouteTests */,
				01876B75193603650037D9DC /* Frameworks */,
				01876B74193603650037D9DC /* Products */,
				8373DD90F352408F9213D690 /* Pods.xcconfig */,
			);
			sourceTree = "<group>";
		};
		01876B74193603650037D9DC /* Products */ = {
			isa = PBXGroup;
			children = (
				01876B73193603650037D9DC /* Gent Verlicht.app */,
				01876B8E193603650037D9DC /* En RouteTests.xctest */,
			);
			name = Products;
			sourceTree = "<group>";
		};
		01876B75193603650037D9DC /* Frameworks */ = {
			isa = PBXGroup;
			children = (
				01194A8E194B2BAB00B1870E /* AVFoundation.framework */,
				01194A8C194B2BA100B1870E /* MultipeerConnectivity.framework */,
				01194A8A194B2B9700B1870E /* CoreLocation.framework */,
				019B0DC51947543A00E3C450 /* QuartzCore.framework */,
				01876B76193603650037D9DC /* Foundation.framework */,
				01876B78193603650037D9DC /* CoreGraphics.framework */,
				01876B7A193603650037D9DC /* UIKit.framework */,
				01876B8F193603650037D9DC /* XCTest.framework */,
				92C5C1A96AE24848913ACBFA /* libPods.a */,
			);
			name = Frameworks;
			sourceTree = "<group>";
		};
		01876B7C193603650037D9DC /* EnRoute */ = {
			isa = PBXGroup;
			children = (
				01876B85193603650037D9DC /* AppDelegate.h */,
				01876B86193603650037D9DC /* AppDelegate.m */,
				01876B88193603650037D9DC /* Images.xcassets */,
				01876B7D193603650037D9DC /* Supporting Files */,
				01876BA8193603C00037D9DC /* MainViewController.h */,
				01876BA9193603C00037D9DC /* MainViewController.m */,
				01876BA51936038A0037D9DC /* MainView.h */,
				01876BA61936038A0037D9DC /* MainView.m */,
				019A66BF194E4D42004FC139 /* Assignments */,
				019B0DCF19476CBD00E3C450 /* AssignmentTools */,
				010509EC194F90B400AFE2B7 /* Bokeh */,
				010509E5194F517100AFE2B7 /* ShadowMovie */,
				011A56FB194ED8EB0035DB0C /* Multipeer */,
				0118F27D1949B49300A9FA11 /* Notes */,
				019A66B8194E4730004FC139 /* Recorder */,
				01DCDEE41949E9EE004F47B9 /* Camera */,
				01CE898A193F0D3B0040DE04 /* Login */,
				010509DE194F25F200AFE2B7 /* Map */,
			);
			path = EnRoute;
			sourceTree = "<group>";
		};
		01876B7D193603650037D9DC /* Supporting Files */ = {
			isa = PBXGroup;
			children = (
				01AE8727193F644800637ECD /* Hallo sans.ttf */,
				01AE8729193F644800637ECD /* Hallo sans light.ttf */,
				01AE8728193F644800637ECD /* Hallo sans black.ttf */,
				018D7A3D194088B200099315 /* assignments.json */,
				01876B7E193603650037D9DC /* En Route-Info.plist */,
				01876B7F193603650037D9DC /* InfoPlist.strings */,
				01876B82193603650037D9DC /* main.m */,
				01876B84193603650037D9DC /* En Route-Prefix.pch */,
			);
			name = "Supporting Files";
			sourceTree = "<group>";
		};
		01876B95193603650037D9DC /* EnRouteTests */ = {
			isa = PBXGroup;
			children = (
				01876B9B193603650037D9DC /* EnRouteTests.m */,
				01876B96193603650037D9DC /* Supporting Files */,
			);
			path = EnRouteTests;
			sourceTree = "<group>";
		};
		01876B96193603650037D9DC /* Supporting Files */ = {
			isa = PBXGroup;
			children = (
				01876B97193603650037D9DC /* En RouteTests-Info.plist */,
				01876B98193603650037D9DC /* InfoPlist.strings */,
			);
			name = "Supporting Files";
			sourceTree = "<group>";
		};
		019A66B8194E4730004FC139 /* Recorder */ = {
			isa = PBXGroup;
			children = (
				019A66BB194E475C004FC139 /* RecorderViewController.h */,
				019A66BC194E475C004FC139 /* RecorderViewController.m */,
				019A66B9194E475C004FC139 /* RecorderView.h */,
				019A66BA194E475C004FC139 /* RecorderView.m */,
			);
			name = Recorder;
			sourceTree = "<group>";
		};
		019A66BF194E4D42004FC139 /* Assignments */ = {
			isa = PBXGroup;
			children = (
				018D7A451940AC7100099315 /* AssignmentView.h */,
				018D7A461940AC7100099315 /* AssignmentView.m */,
				018D7A421940897300099315 /* AssignmentFactory.h */,
				018D7A431940897300099315 /* AssignmentFactory.m */,
				018D7A3F1940895500099315 /* Assignment.h */,
				018D7A401940895500099315 /* Assignment.m */,
			);
			name = Assignments;
			sourceTree = "<group>";
		};
		019B0DCF19476CBD00E3C450 /* AssignmentTools */ = {
			isa = PBXGroup;
			children = (
				019B0DC919476C9A00E3C450 /* AssignmentToolsViewController.h */,
				019B0DCA19476C9A00E3C450 /* AssignmentToolsViewController.m */,
				019B0DCC19476CAF00E3C450 /* AssignmentToolsView.h */,
				019B0DCD19476CAF00E3C450 /* AssignmentToolsView.m */,
			);
			name = AssignmentTools;
			sourceTree = "<group>";
		};
		01CE898A193F0D3B0040DE04 /* Login */ = {
			isa = PBXGroup;
			children = (
				01795420193DD4DC00DFFB4E /* LoginViewController.h */,
				01795421193DD4DC00DFFB4E /* LoginViewController.m */,
				01795423193DD4F000DFFB4E /* LoginView.h */,
				01795424193DD4F000DFFB4E /* LoginView.m */,
			);
			name = Login;
			sourceTree = "<group>";
		};
		01DCDEE41949E9EE004F47B9 /* Camera */ = {
			isa = PBXGroup;
			children = (
				01DCDEDE1949E9E1004F47B9 /* CameraViewController.h */,
				01DCDEDF1949E9E1004F47B9 /* CameraViewController.m */,
				01DCDEDC1949E9E1004F47B9 /* CameraView.h */,
				01DCDEDD1949E9E1004F47B9 /* CameraView.m */,
			);
			name = Camera;
			sourceTree = "<group>";
		};
/* End PBXGroup section */

/* Begin PBXNativeTarget section */
		01876B72193603650037D9DC /* En Route */ = {
			isa = PBXNativeTarget;
			buildConfigurationList = 01876B9F193603650037D9DC /* Build configuration list for PBXNativeTarget "En Route" */;
			buildPhases = (
				70D474B92588435C9711B6DC /* Check Pods Manifest.lock */,
				01876B6F193603650037D9DC /* Sources */,
				01876B70193603650037D9DC /* Frameworks */,
				01876B71193603650037D9DC /* Resources */,
				94202438539246B7AC90881A /* Copy Pods Resources */,
			);
			buildRules = (
			);
			dependencies = (
			);
			name = "En Route";
			productName = EnRoute;
			productReference = 01876B73193603650037D9DC /* Gent Verlicht.app */;
			productType = "com.apple.product-type.application";
		};
		01876B8D193603650037D9DC /* En RouteTests */ = {
			isa = PBXNativeTarget;
			buildConfigurationList = 01876BA2193603650037D9DC /* Build configuration list for PBXNativeTarget "En RouteTests" */;
			buildPhases = (
				01876B8A193603650037D9DC /* Sources */,
				01876B8B193603650037D9DC /* Frameworks */,
				01876B8C193603650037D9DC /* Resources */,
			);
			buildRules = (
			);
			dependencies = (
				01876B94193603650037D9DC /* PBXTargetDependency */,
			);
			name = "En RouteTests";
			productName = EnRouteTests;
			productReference = 01876B8E193603650037D9DC /* En RouteTests.xctest */;
			productType = "com.apple.product-type.bundle.unit-test";
		};
/* End PBXNativeTarget section */

/* Begin PBXProject section */
		01876B6B193603650037D9DC /* Project object */ = {
			isa = PBXProject;
			attributes = {
				LastUpgradeCheck = 0510;
				ORGANIZATIONNAME = JoonVT;
				TargetAttributes = {
					01876B8D193603650037D9DC = {
						TestTargetID = 01876B72193603650037D9DC;
					};
				};
			};
			buildConfigurationList = 01876B6E193603650037D9DC /* Build configuration list for PBXProject "En Route" */;
			compatibilityVersion = "Xcode 3.2";
			developmentRegion = English;
			hasScannedForEncodings = 0;
			knownRegions = (
				en,
			);
			mainGroup = 01876B6A193603650037D9DC;
			productRefGroup = 01876B74193603650037D9DC /* Products */;
			projectDirPath = "";
			projectRoot = "";
			targets = (
				01876B72193603650037D9DC /* En Route */,
				01876B8D193603650037D9DC /* En RouteTests */,
			);
		};
/* End PBXProject section */

/* Begin PBXResourcesBuildPhase section */
		01876B71193603650037D9DC /* Resources */ = {
			isa = PBXResourcesBuildPhase;
			buildActionMask = 2147483647;
			files = (
				01AE872C193F644800637ECD /* Hallo sans light.ttf in Resources */,
				01AE872B193F644800637ECD /* Hallo sans black.ttf in Resources */,
				018D7A3E194088B200099315 /* assignments.json in Resources */,
				01876B81193603650037D9DC /* InfoPlist.strings in Resources */,
				01876B89193603650037D9DC /* Images.xcassets in Resources */,
				01AE872A193F644800637ECD /* Hallo sans.ttf in Resources */,
			);
			runOnlyForDeploymentPostprocessing = 0;
		};
		01876B8C193603650037D9DC /* Resources */ = {
			isa = PBXResourcesBuildPhase;
			buildActionMask = 2147483647;
			files = (
				01876B9A193603650037D9DC /* InfoPlist.strings in Resources */,
			);
			runOnlyForDeploymentPostprocessing = 0;
		};
/* End PBXResourcesBuildPhase section */

/* Begin PBXShellScriptBuildPhase section */
		70D474B92588435C9711B6DC /* Check Pods Manifest.lock */ = {
			isa = PBXShellScriptBuildPhase;
			buildActionMask = 2147483647;
			files = (
			);
			inputPaths = (
			);
			name = "Check Pods Manifest.lock";
			outputPaths = (
			);
			runOnlyForDeploymentPostprocessing = 0;
			shellPath = /bin/sh;
			shellScript = "diff \"${PODS_ROOT}/../Podfile.lock\" \"${PODS_ROOT}/Manifest.lock\" > /dev/null\nif [[ $? != 0 ]] ; then\n    cat << EOM\nerror: The sandbox is not in sync with the Podfile.lock. Run 'pod install' or update your CocoaPods installation.\nEOM\n    exit 1\nfi\n";
			showEnvVarsInLog = 0;
		};
		94202438539246B7AC90881A /* Copy Pods Resources */ = {
			isa = PBXShellScriptBuildPhase;
			buildActionMask = 2147483647;
			files = (
			);
			inputPaths = (
			);
			name = "Copy Pods Resources";
			outputPaths = (
			);
			runOnlyForDeploymentPostprocessing = 0;
			shellPath = /bin/sh;
			shellScript = "\"${SRCROOT}/Pods/Pods-resources.sh\"\n";
			showEnvVarsInLog = 0;
		};
/* End PBXShellScriptBuildPhase section */

/* Begin PBXSourcesBuildPhase section */
		01876B6F193603650037D9DC /* Sources */ = {
			isa = PBXSourcesBuildPhase;
			buildActionMask = 2147483647;
			files = (
				0118F2791949B44600A9FA11 /* UpdateNoteView.m in Sources */,
				010509EF194F910E00AFE2B7 /* BokehViewController.m in Sources */,
				01DCDEE31949E9E1004F47B9 /* CameraViewController.m in Sources */,
				010509EB194F520E00AFE2B7 /* ConnectionViewController.m in Sources */,
				0118F2771949B44600A9FA11 /* Note.m in Sources */,
				01630E6D194EDC3700AC0194 /* LookViewController.m in Sources */,
				019B0DCE19476CAF00E3C450 /* AssignmentToolsView.m in Sources */,
				010509E4194F262B00AFE2B7 /* CompletedAssignmentsFactory.m in Sources */,
				018D7A471940AC7100099315 /* AssignmentView.m in Sources */,
				01795425193DD4F000DFFB4E /* LoginView.m in Sources */,
				010509F2194F912A00AFE2B7 /* BokehView.m in Sources */,
				019A66BE194E475C004FC139 /* RecorderViewController.m in Sources */,
				0118F2751949B44600A9FA11 /* AddNoteViewController.m in Sources */,
				01876B87193603650037D9DC /* AppDelegate.m in Sources */,
				0118F27A1949B44600A9FA11 /* UpdateNoteViewController.m in Sources */,
				0118F2781949B44600A9FA11 /* NotesTableViewController.m in Sources */,
				0118F2761949B44600A9FA11 /* ColorCell.m in Sources */,
				01630E6E194EDC3700AC0194 /* RecordView.m in Sources */,
				010509E3194F262B00AFE2B7 /* CompletedAssignment.m in Sources */,
				019B0DCB19476C9A00E3C450 /* AssignmentToolsViewController.m in Sources */,
				01876B83193603650037D9DC /* main.m in Sources */,
				01876BA71936038A0037D9DC /* MainView.m in Sources */,
				01630E6F194EDC3700AC0194 /* RecordViewController.m in Sources */,
				019A66BD194E475C004FC139 /* RecorderView.m in Sources */,
				018D7A411940895500099315 /* Assignment.m in Sources */,
				01876BAA193603C00037D9DC /* MainViewController.m in Sources */,
				01795422193DD4DC00DFFB4E /* LoginViewController.m in Sources */,
				010509EA194F520E00AFE2B7 /* ConnectionView.m in Sources */,
				01630E6C194EDC3700AC0194 /* LookView.m in Sources */,
				01DCDEE21949E9E1004F47B9 /* CameraView.m in Sources */,
				0118F2741949B44600A9FA11 /* AddNoteView.m in Sources */,
				018D7A441940897300099315 /* AssignmentFactory.m in Sources */,
			);
			runOnlyForDeploymentPostprocessing = 0;
		};
		01876B8A193603650037D9DC /* Sources */ = {
			isa = PBXSourcesBuildPhase;
			buildActionMask = 2147483647;
			files = (
				01876B9C193603650037D9DC /* EnRouteTests.m in Sources */,
			);
			runOnlyForDeploymentPostprocessing = 0;
		};
/* End PBXSourcesBuildPhase section */

/* Begin PBXTargetDependency section */
		01876B94193603650037D9DC /* PBXTargetDependency */ = {
			isa = PBXTargetDependency;
			target = 01876B72193603650037D9DC /* En Route */;
			targetProxy = 01876B93193603650037D9DC /* PBXContainerItemProxy */;
		};
/* End PBXTargetDependency section */

/* Begin PBXVariantGroup section */
		01876B7F193603650037D9DC /* InfoPlist.strings */ = {
			isa = PBXVariantGroup;
			children = (
				01876B80193603650037D9DC /* en */,
			);
			name = InfoPlist.strings;
			sourceTree = "<group>";
		};
		01876B98193603650037D9DC /* InfoPlist.strings */ = {
			isa = PBXVariantGroup;
			children = (
				01876B99193603650037D9DC /* en */,
			);
			name = InfoPlist.strings;
			sourceTree = "<group>";
		};
/* End PBXVariantGroup section */

/* Begin XCBuildConfiguration section */
		01876B9D193603650037D9DC /* Debug */ = {
			isa = XCBuildConfiguration;
			buildSettings = {
				ALWAYS_SEARCH_USER_PATHS = NO;
				CLANG_CXX_LANGUAGE_STANDARD = "gnu++0x";
				CLANG_CXX_LIBRARY = "libc++";
				CLANG_ENABLE_MODULES = YES;
				CLANG_ENABLE_OBJC_ARC = YES;
				CLANG_WARN_BOOL_CONVERSION = YES;
				CLANG_WARN_CONSTANT_CONVERSION = YES;
				CLANG_WARN_DIRECT_OBJC_ISA_USAGE = YES_ERROR;
				CLANG_WARN_EMPTY_BODY = YES;
				CLANG_WARN_ENUM_CONVERSION = YES;
				CLANG_WARN_INT_CONVERSION = YES;
				CLANG_WARN_OBJC_ROOT_CLASS = YES_ERROR;
				CLANG_WARN__DUPLICATE_METHOD_MATCH = YES;
				"CODE_SIGN_IDENTITY[sdk=iphoneos*]" = "iPhone Developer";
				COPY_PHASE_STRIP = NO;
				GCC_C_LANGUAGE_STANDARD = gnu99;
				GCC_DYNAMIC_NO_PIC = NO;
				GCC_OPTIMIZATION_LEVEL = 0;
				GCC_PREPROCESSOR_DEFINITIONS = (
					"DEBUG=1",
					"$(inherited)",
				);
				GCC_SYMBOLS_PRIVATE_EXTERN = NO;
				GCC_WARN_64_TO_32_BIT_CONVERSION = YES;
				GCC_WARN_ABOUT_RETURN_TYPE = YES_ERROR;
				GCC_WARN_UNDECLARED_SELECTOR = YES;
				GCC_WARN_UNINITIALIZED_AUTOS = YES_AGGRESSIVE;
				GCC_WARN_UNUSED_FUNCTION = YES;
				GCC_WARN_UNUSED_VARIABLE = YES;
				IPHONEOS_DEPLOYMENT_TARGET = 7.1;
				ONLY_ACTIVE_ARCH = YES;
				SDKROOT = iphoneos;
			};
			name = Debug;
		};
		01876B9E193603650037D9DC /* Release */ = {
			isa = XCBuildConfiguration;
			buildSettings = {
				ALWAYS_SEARCH_USER_PATHS = NO;
				CLANG_CXX_LANGUAGE_STANDARD = "gnu++0x";
				CLANG_CXX_LIBRARY = "libc++";
				CLANG_ENABLE_MODULES = YES;
				CLANG_ENABLE_OBJC_ARC = YES;
				CLANG_WARN_BOOL_CONVERSION = YES;
				CLANG_WARN_CONSTANT_CONVERSION = YES;
				CLANG_WARN_DIRECT_OBJC_ISA_USAGE = YES_ERROR;
				CLANG_WARN_EMPTY_BODY = YES;
				CLANG_WARN_ENUM_CONVERSION = YES;
				CLANG_WARN_INT_CONVERSION = YES;
				CLANG_WARN_OBJC_ROOT_CLASS = YES_ERROR;
				CLANG_WARN__DUPLICATE_METHOD_MATCH = YES;
				"CODE_SIGN_IDENTITY[sdk=iphoneos*]" = "iPhone Developer";
				COPY_PHASE_STRIP = YES;
				ENABLE_NS_ASSERTIONS = NO;
				GCC_C_LANGUAGE_STANDARD = gnu99;
				GCC_WARN_64_TO_32_BIT_CONVERSION = YES;
				GCC_WARN_ABOUT_RETURN_TYPE = YES_ERROR;
				GCC_WARN_UNDECLARED_SELECTOR = YES;
				GCC_WARN_UNINITIALIZED_AUTOS = YES_AGGRESSIVE;
				GCC_WARN_UNUSED_FUNCTION = YES;
				GCC_WARN_UNUSED_VARIABLE = YES;
				IPHONEOS_DEPLOYMENT_TARGET = 7.1;
				SDKROOT = iphoneos;
				VALIDATE_PRODUCT = YES;
			};
			name = Release;
		};
		01876BA0193603650037D9DC /* Debug */ = {
			isa = XCBuildConfiguration;
			baseConfigurationReference = 8373DD90F352408F9213D690 /* Pods.xcconfig */;
			buildSettings = {
				ASSETCATALOG_COMPILER_APPICON_NAME = AppIcon;
				ASSETCATALOG_COMPILER_LAUNCHIMAGE_NAME = LaunchImage;
				FRAMEWORK_SEARCH_PATHS = (
					"$(inherited)",
					"$(PROJECT_DIR)",
				);
				GCC_PRECOMPILE_PREFIX_HEADER = YES;
				GCC_PREFIX_HEADER = "EnRoute/En Route-Prefix.pch";
				INFOPLIST_FILE = "EnRoute/En Route-Info.plist";
				LIBRARY_SEARCH_PATHS = (
					"$(inherited)",
					"$(PROJECT_DIR)",
				);
				PRODUCT_NAME = "Gent Verlicht";
				WRAPPER_EXTENSION = app;
			};
			name = Debug;
		};
		01876BA1193603650037D9DC /* Release */ = {
			isa = XCBuildConfiguration;
			baseConfigurationReference = 8373DD90F352408F9213D690 /* Pods.xcconfig */;
			buildSettings = {
				ASSETCATALOG_COMPILER_APPICON_NAME = AppIcon;
				ASSETCATALOG_COMPILER_LAUNCHIMAGE_NAME = LaunchImage;
				FRAMEWORK_SEARCH_PATHS = (
					"$(inherited)",
					"$(PROJECT_DIR)",
				);
				GCC_PRECOMPILE_PREFIX_HEADER = YES;
				GCC_PREFIX_HEADER = "EnRoute/En Route-Prefix.pch";
				INFOPLIST_FILE = "EnRoute/En Route-Info.plist";
				LIBRARY_SEARCH_PATHS = (
					"$(inherited)",
					"$(PROJECT_DIR)",
				);
				PRODUCT_NAME = "Gent Verlicht";
				WRAPPER_EXTENSION = app;
			};
			name = Release;
		};
		01876BA3193603650037D9DC /* Debug */ = {
			isa = XCBuildConfiguration;
			buildSettings = {
				BUNDLE_LOADER = "$(BUILT_PRODUCTS_DIR)/EnRoute.app/EnRoute";
				FRAMEWORK_SEARCH_PATHS = (
					"$(SDKROOT)/Developer/Library/Frameworks",
					"$(inherited)",
					"$(DEVELOPER_FRAMEWORKS_DIR)",
				);
				GCC_PRECOMPILE_PREFIX_HEADER = YES;
				GCC_PREFIX_HEADER = "EnRoute/EnRoute-Prefix.pch";
				GCC_PREPROCESSOR_DEFINITIONS = (
					"DEBUG=1",
					"$(inherited)",
				);
				INFOPLIST_FILE = "EnRouteTests/En RouteTests-Info.plist";
				PRODUCT_NAME = "En RouteTests";
				TEST_HOST = "$(BUNDLE_LOADER)";
				WRAPPER_EXTENSION = xctest;
			};
			name = Debug;
		};
		01876BA4193603650037D9DC /* Release */ = {
			isa = XCBuildConfiguration;
			buildSettings = {
				BUNDLE_LOADER = "$(BUILT_PRODUCTS_DIR)/EnRoute.app/EnRoute";
				FRAMEWORK_SEARCH_PATHS = (
					"$(SDKROOT)/Developer/Library/Frameworks",
					"$(inherited)",
					"$(DEVELOPER_FRAMEWORKS_DIR)",
				);
				GCC_PRECOMPILE_PREFIX_HEADER = YES;
				GCC_PREFIX_HEADER = "EnRoute/EnRoute-Prefix.pch";
				INFOPLIST_FILE = "EnRouteTests/En RouteTests-Info.plist";
				PRODUCT_NAME = "En RouteTests";
				TEST_HOST = "$(BUNDLE_LOADER)";
				WRAPPER_EXTENSION = xctest;
			};
			name = Release;
		};
/* End XCBuildConfiguration section */

/* Begin XCConfigurationList section */
		01876B6E193603650037D9DC /* Build configuration list for PBXProject "En Route" */ = {
			isa = XCConfigurationList;
			buildConfigurations = (
				01876B9D193603650037D9DC /* Debug */,
				01876B9E193603650037D9DC /* Release */,
			);
			defaultConfigurationIsVisible = 0;
			defaultConfigurationName = Release;
		};
		01876B9F193603650037D9DC /* Build configuration list for PBXNativeTarget "En Route" */ = {
			isa = XCConfigurationList;
			buildConfigurations = (
				01876BA0193603650037D9DC /* Debug */,
				01876BA1193603650037D9DC /* Release */,
			);
			defaultConfigurationIsVisible = 0;
			defaultConfigurationName = Release;
		};
		01876BA2193603650037D9DC /* Build configuration list for PBXNativeTarget "En RouteTests" */ = {
			isa = XCConfigurationList;
			buildConfigurations = (
				01876BA3193603650037D9DC /* Debug */,
				01876BA4193603650037D9DC /* Release */,
			);
			defaultConfigurationIsVisible = 0;
			defaultConfigurationName = Release;
		};
/* End XCConfigurationList section */
	};
	rootObject = 01876B6B193603650037D9DC /* Project object */;
}
